// !$*UTF8*$!
{
	archiveVersion = 1;
	classes = {
	};
	objectVersion = 46;
	objects = {

/* Begin PBXBuildFile section */
		AEE0A5321D5C3C8100D96FEA /* AppDelegate.swift in Sources */ = {isa = PBXBuildFile; fileRef = AEE0A5311D5C3C8100D96FEA /* AppDelegate.swift */; };
		AEE0A5341D5C3C8100D96FEA /* ViewController.swift in Sources */ = {isa = PBXBuildFile; fileRef = AEE0A5331D5C3C8100D96FEA /* ViewController.swift */; };
		AEE0A5371D5C3C8100D96FEA /* Main.storyboard in Resources */ = {isa = PBXBuildFile; fileRef = AEE0A5351D5C3C8100D96FEA /* Main.storyboard */; };
		AEE0A5391D5C3C8100D96FEA /* Assets.xcassets in Resources */ = {isa = PBXBuildFile; fileRef = AEE0A5381D5C3C8100D96FEA /* Assets.xcassets */; };
		AEE0A53C1D5C3C8100D96FEA /* LaunchScreen.storyboard in Resources */ = {isa = PBXBuildFile; fileRef = AEE0A53A1D5C3C8100D96FEA /* LaunchScreen.storyboard */; };
		AEE0A5461D5C3C9600D96FEA /* penguin.png in Resources */ = {isa = PBXBuildFile; fileRef = AEE0A5441D5C3C9600D96FEA /* penguin.png */; };
		AEE0A5471D5C3C9600D96FEA /* penguin@2x.png in Resources */ = {isa = PBXBuildFile; fileRef = AEE0A5451D5C3C9600D96FEA /* penguin@2x.png */; };
/* End PBXBuildFile section */

/* Begin PBXFileReference section */
		AEE0A52E1D5C3C8000D96FEA /* 15Animation.app */ = {isa = PBXFileReference; explicitFileType = wrapper.application; includeInIndex = 0; path = 15Animation.app; sourceTree = BUILT_PRODUCTS_DIR; };
		AEE0A5311D5C3C8100D96FEA /* AppDelegate.swift */ = {isa = PBXFileReference; lastKnownFileType = sourcecode.swift; path = AppDelegate.swift; sourceTree = "<group>"; };
		AEE0A5331D5C3C8100D96FEA /* ViewController.swift */ = {isa = PBXFileReference; lastKnownFileType = sourcecode.swift; path = ViewController.swift; sourceTree = "<group>"; };
		AEE0A5361D5C3C8100D96FEA /* Base */ = {isa = PBXFileReference; lastKnownFileType = file.storyboard; name = Base; path = Base.lproj/Main.storyboard; sourceTree = "<group>"; };
		AEE0A5381D5C3C8100D96FEA /* Assets.xcassets */ = {isa = PBXFileReference; lastKnownFileType = folder.assetcatalog; path = Assets.xcassets; sourceTree = "<group>"; };
		AEE0A53B1D5C3C8100D96FEA /* Base */ = {isa = PBXFileReference; lastKnownFileType = file.storyboard; name = Base; path = Base.lproj/LaunchScreen.storyboard; sourceTree = "<group>"; };
		AEE0A53D1D5C3C8100D96FEA /* Info.plist */ = {isa = PBXFileReference; lastKnownFileType = text.plist.xml; path = Info.plist; sourceTree = "<group>"; };
		AEE0A5441D5C3C9600D96FEA /* penguin.png */ = {isa = PBXFileReference; lastKnownFileType = image.png; path = penguin.png; sourceTree = "<group>"; };
		AEE0A5451D5C3C9600D96FEA /* penguin@2x.png */ = {isa = PBXFileReference; lastKnownFileType = image.png; path = "penguin@2x.png"; sourceTree = "<group>"; };
/* End PBXFileReference section */

/* Begin PBXFrameworksBuildPhase section */
		AEE0A52B1D5C3C8000D96FEA /* Frameworks */ = {
			isa = PBXFrameworksBuildPhase;
			buildActionMask = 2147483647;
			files = (
			);
			runOnlyForDeploymentPostprocessing = 0;
		};
/* End PBXFrameworksBuildPhase section */

/* Begin PBXGroup section */
		AEE0A5251D5C3C8000D96FEA = {
			isa = PBXGroup;
			children = (
				AEE0A5301D5C3C8100D96FEA /* 15Animation */,
				AEE0A52F1D5C3C8000D96FEA /* Products */,
			);
			sourceTree = "<group>";
		};
		AEE0A52F1D5C3C8000D96FEA /* Products */ = {
			isa = PBXGroup;
			children = (
				AEE0A52E1D5C3C8000D96FEA /* 15Animation.app */,
			);
			name = Products;
			sourceTree = "<group>";
		};
		AEE0A5301D5C3C8100D96FEA /* 15Animation */ = {
			isa = PBXGroup;
			children = (
				AEE0A5431D5C3C9600D96FEA /* Content */,
				AEE0A5311D5C3C8100D96FEA /* AppDelegate.swift */,
				AEE0A5331D5C3C8100D96FEA /* ViewController.swift */,
				AEE0A5351D5C3C8100D96FEA /* Main.storyboard */,
				AEE0A5381D5C3C8100D96FEA /* Assets.xcassets */,
				AEE0A53A1D5C3C8100D96FEA /* LaunchScreen.storyboard */,
				AEE0A53D1D5C3C8100D96FEA /* Info.plist */,
			);
			path = 15Animation;
			sourceTree = "<group>";
		};
		AEE0A5431D5C3C9600D96FEA /* Content */ = {
			isa = PBXGroup;
			children = (
				AEE0A5441D5C3C9600D96FEA /* penguin.png */,
				AEE0A5451D5C3C9600D96FEA /* penguin@2x.png */,
			);
			path = Content;
			sourceTree = "<group>";
		};
/* End PBXGroup section */

/* Begin PBXNativeTarget section */
		AEE0A52D1D5C3C8000D96FEA /* 15Animation */ = {
			isa = PBXNativeTarget;
			buildConfigurationList = AEE0A5401D5C3C8100D96FEA /* Build configuration list for PBXNativeTarget "15Animation" */;
			buildPhases = (
				AEE0A52A1D5C3C8000D96FEA /* Sources */,
				AEE0A52B1D5C3C8000D96FEA /* Frameworks */,
				AEE0A52C1D5C3C8000D96FEA /* Resources */,
			);
			buildRules = (
			);
			dependencies = (
			);
			name = 15Animation;
			productName = 15Animation;
			productReference = AEE0A52E1D5C3C8000D96FEA /* 15Animation.app */;
			productType = "com.apple.product-type.application";
		};
/* End PBXNativeTarget section */

/* Begin PBXProject section */
		AEE0A5261D5C3C8000D96FEA /* Project object */ = {
			isa = PBXProject;
			attributes = {
				LastSwiftUpdateCheck = 0730;
				LastUpgradeCheck = 0730;
				ORGANIZATIONNAME = Vish;
				TargetAttributes = {
					AEE0A52D1D5C3C8000D96FEA = {
						CreatedOnToolsVersion = 7.3.1;
						DevelopmentTeam = MKTJJ5RQQ8;
					};
				};
			};
			buildConfigurationList = AEE0A5291D5C3C8000D96FEA /* Build configuration list for PBXProject "15Animation" */;
			compatibilityVersion = "Xcode 3.2";
			developmentRegion = English;
			hasScannedForEncodings = 0;
			knownRegions = (
				en,
				Base,
			);
			mainGroup = AEE0A5251D5C3C8000D96FEA;
			productRefGroup = AEE0A52F1D5C3C8000D96FEA /* Products */;
			projectDirPath = "";
			projectRoot = "";
			targets = (
				AEE0A52D1D5C3C8000D96FEA /* 15Animation */,
			);
		};
/* End PBXProject section */

/* Begin PBXResourcesBuildPhase section */
		AEE0A52C1D5C3C8000D96FEA /* Resources */ = {
			isa = PBXResourcesBuildPhase;
			buildActionMask = 2147483647;
			files = (
				AEE0A5461D5C3C9600D96FEA /* penguin.png in Resources */,
				AEE0A53C1D5C3C8100D96FEA /* LaunchScreen.storyboard in Resources */,
				AEE0A5391D5C3C8100D96FEA /* Assets.xcassets in Resources */,
				AEE0A5371D5C3C8100D96FEA /* Main.storyboard in Resources */,
				AEE0A5471D5C3C9600D96FEA /* penguin@2x.png in Resources */,
			);
			runOnlyForDeploymentPostprocessing = 0;
		};
/* End PBXResourcesBuildPhase section */

/* Begin PBXSourcesBuildPhase section */
		AEE0A52A1D5C3C8000D96FEA /* Sources */ = {
			isa = PBXSourcesBuildPhase;
			buildActionMask = 2147483647;
			files = (
				AEE0A5341D5C3C8100D96FEA /* ViewController.swift in Sources */,
				AEE0A5321D5C3C8100D96FEA /* AppDelegate.swift in Sources */,
			);
			runOnlyForDeploymentPostprocessing = 0;
		};
/* End PBXSourcesBuildPhase section */

/* Begin PBXVariantGroup section */
		AEE0A5351D5C3C8100D96FEA /* Main.storyboard */ = {
			isa = PBXVariantGroup;
			children = (
				AEE0A5361D5C3C8100D96FEA /* Base */,
			);
			name = Main.storyboard;
			sourceTree = "<group>";
		};
		AEE0A53A1D5C3C8100D96FEA /* LaunchScreen.storyboard */ = {
			isa = PBXVariantGroup;
			children = (
				AEE0A53B1D5C3C8100D96FEA /* Base */,
			);
			name = LaunchScreen.storyboard;
			sourceTree = "<group>";
		};
/* End PBXVariantGroup section */

/* Begin XCBuildConfiguration section */
		AEE0A53E1D5C3C8100D96FEA /* Debug */ = {
			isa = XCBuildConfiguration;
			buildSettings = {
				ALWAYS_SEARCH_USER_PATHS = NO;
				CLANG_ANALYZER_NONNULL = YES;
				CLANG_CXX_LANGUAGE_STANDARD = "gnu++0x";
				CLANG_CXX_LIBRARY = "libc++";
				CLANG_ENABLE_MODULES = YES;
				CLANG_ENABLE_OBJC_ARC = YES;
				CLANG_WARN_BOOL_CONVERSION = YES;
				CLANG_WARN_CONSTANT_CONVERSION = YES;
				CLANG_WARN_DIRECT_OBJC_ISA_USAGE = YES_ERROR;
				CLANG_WARN_EMPTY_BODY = YES;
				CLANG_WARN_ENUM_CONVERSION = YES;
				CLANG_WARN_INT_CONVERSION = YES;
				CLANG_WARN_OBJC_ROOT_CLASS = YES_ERROR;
				CLANG_WARN_UNREACHABLE_CODE = YES;
				CLANG_WARN__DUPLICATE_METHOD_MATCH = YES;
				"CODE_SIGN_IDENTITY[sdk=iphoneos*]" = "iPhone Developer";
				COPY_PHASE_STRIP = NO;
				DEBUG_INFORMATION_FORMAT = dwarf;
				ENABLE_STRICT_OBJC_MSGSEND = YES;
				ENABLE_TESTABILITY = YES;
				GCC_C_LANGUAGE_STANDARD = gnu99;
				GCC_DYNAMIC_NO_PIC = NO;
				GCC_NO_COMMON_BLOCKS = YES;
				GCC_OPTIMIZATION_LEVEL = 0;
				GCC_PREPROCESSOR_DEFINITIONS = (
					"DEBUG=1",
					"$(inherited)",
				);
				GCC_WARN_64_TO_32_BIT_CONVERSION = YES;
				GCC_WARN_ABOUT_RETURN_TYPE = YES_ERROR;
				GCC_WARN_UNDECLARED_SELECTOR = YES;
				GCC_WARN_UNINITIALIZED_AUTOS = YES_AGGRESSIVE;
				GCC_WARN_UNUSED_FUNCTION = YES;
				GCC_WARN_UNUSED_VARIABLE = YES;
				IPHONEOS_DEPLOYMENT_TARGET = 9.3;
				MTL_ENABLE_DEBUG_INFO = YES;
				ONLY_ACTIVE_ARCH = YES;
				SDKROOT = iphoneos;
				SWIFT_OPTIMIZATION_LEVEL = "-Onone";
				TARGETED_DEVICE_FAMILY = 2;
			};
			name = Debug;
		};
		AEE0A53F1D5C3C8100D96FEA /* Release */ = {
			isa = XCBuildConfiguration;
			buildSettings = {
				ALWAYS_SEARCH_USER_PATHS = NO;
				CLANG_ANALYZER_NONNULL = YES;
				CLANG_CXX_LANGUAGE_STANDARD = "gnu++0x";
				CLANG_CXX_LIBRARY = "libc++";
				CLANG_ENABLE_MODULES = YES;
				CLANG_ENABLE_OBJC_ARC = YES;
				CLANG_WARN_BOOL_CONVERSION = YES;
				CLANG_WARN_CONSTANT_CONVERSION = YES;
				CLANG_WARN_DIRECT_OBJC_ISA_USAGE = YES_ERROR;
				CLANG_WARN_EMPTY_BODY = YES;
				CLANG_WARN_ENUM_CONVERSION = YES;
				CLANG_WARN_INT_CONVERSION = YES;
				CLANG_WARN_OBJC_ROOT_CLASS = YES_ERROR;
				CLANG_WARN_UNREACHABLE_CODE = YES;
				CLANG_WARN__DUPLICATE_METHOD_MATCH = YES;
				"CODE_SIGN_IDENTITY[sdk=iphoneos*]" = "iPhone Developer";
				COPY_PHASE_STRIP = NO;
				DEBUG_INFORMATION_FORMAT = "dwarf-with-dsym";
				ENABLE_NS_ASSERTIONS = NO;
				ENABLE_STRICT_OBJC_MSGSEND = YES;
				GCC_C_LANGUAGE_STANDARD = gnu99;
				GCC_NO_COMMON_BLOCKS = YES;
				GCC_WARN_64_TO_32_BIT_CONVERSION = YES;
				GCC_WARN_ABOUT_RETURN_TYPE = YES_ERROR;
				GCC_WARN_UNDECLARED_SELECTOR = YES;
				GCC_WARN_UNINITIALIZED_AUTOS = YES_AGGRESSIVE;
				GCC_WARN_UNUSED_FUNCTION = YES;
				GCC_WARN_UNUSED_VARIABLE = YES;
				IPHONEOS_DEPLOYMENT_TARGET = 9.3;
				MTL_ENABLE_DEBUG_INFO = NO;
				SDKROOT = iphoneos;
				TARGETED_DEVICE_FAMILY = 2;
				VALIDATE_PRODUCT = YES;
			};
			name = Release;
		};
		AEE0A5411D5C3C8100D96FEA /* Debug */ = {
			isa = XCBuildConfiguration;
			buildSettings = {
				ASSETCATALOG_COMPILER_APPICON_NAME = AppIcon;
				INFOPLIST_FILE = 15Animation/Info.plist;
				LD_RUNPATH_SEARCH_PATHS = "$(inherited) @executable_path/Frameworks";
				PRODUCT_BUNDLE_IDENTIFIER = "com.vish.-5Animation";
				PRODUCT_NAME = "$(TARGET_NAME)";
			};
			name = Debug;
		};
		AEE0A5421D5C3C8100D96FEA /* Release */ = {
			isa = XCBuildConfiguration;
			buildSettings = {
				ASSETCATALOG_COMPILER_APPICON_NAME = AppIcon;
				INFOPLIST_FILE = 15Animation/Info.plist;
				LD_RUNPATH_SEARCH_PATHS = "$(inherited) @executable_path/Frameworks";
				PRODUCT_BUNDLE_IDENTIFIER = "com.vish.-5Animation";
				PRODUCT_NAME = "$(TARGET_NAME)";
			};
			name = Release;
		};
/* End XCBuildConfiguration section */

/* Begin XCConfigurationList section */
		AEE0A5291D5C3C8000D96FEA /* Build configuration list for PBXProject "15Animation" */ = {
			isa = XCConfigurationList;
			buildConfigurations = (
				AEE0A53E1D5C3C8100D96FEA /* Debug */,
				AEE0A53F1D5C3C8100D96FEA /* Release */,
			);
			defaultConfigurationIsVisible = 0;
			defaultConfigurationName = Release;
		};
		AEE0A5401D5C3C8100D96FEA /* Build configuration list for PBXNativeTarget "15Animation" */ = {
			isa = XCConfigurationList;
			buildConfigurations = (
				AEE0A5411D5C3C8100D96FEA /* Debug */,
				AEE0A5421D5C3C8100D96FEA /* Release */,
			);
			defaultConfigurationIsVisible = 0;
		};
/* End XCConfigurationList section */
	};
	rootObject = AEE0A5261D5C3C8000D96FEA /* Project object */;
}
