// !$*UTF8*$!
{
	archiveVersion = 1;
	classes = {
	};
	objectVersion = 46;
	objects = {

/* Begin PBXBuildFile section */
		AEFA89961D15E28000EC22BF /* AppDelegate.swift in Sources */ = {isa = PBXBuildFile; fileRef = AEFA89951D15E28000EC22BF /* AppDelegate.swift */; };
		AEFA89981D15E28000EC22BF /* ViewController.swift in Sources */ = {isa = PBXBuildFile; fileRef = AEFA89971D15E28000EC22BF /* ViewController.swift */; };
		AEFA899B1D15E28000EC22BF /* Main.storyboard in Resources */ = {isa = PBXBuildFile; fileRef = AEFA89991D15E28000EC22BF /* Main.storyboard */; };
		AEFA899D1D15E28000EC22BF /* Assets.xcassets in Resources */ = {isa = PBXBuildFile; fileRef = AEFA899C1D15E28000EC22BF /* Assets.xcassets */; };
		AEFA89A01D15E28000EC22BF /* LaunchScreen.storyboard in Resources */ = {isa = PBXBuildFile; fileRef = AEFA899E1D15E28000EC22BF /* LaunchScreen.storyboard */; };
/* End PBXBuildFile section */

/* Begin PBXFileReference section */
		AEFA89921D15E28000EC22BF /* 4SimpleBrowser.app */ = {isa = PBXFileReference; explicitFileType = wrapper.application; includeInIndex = 0; path = 4SimpleBrowser.app; sourceTree = BUILT_PRODUCTS_DIR; };
		AEFA89951D15E28000EC22BF /* AppDelegate.swift */ = {isa = PBXFileReference; lastKnownFileType = sourcecode.swift; path = AppDelegate.swift; sourceTree = "<group>"; };
		AEFA89971D15E28000EC22BF /* ViewController.swift */ = {isa = PBXFileReference; lastKnownFileType = sourcecode.swift; path = ViewController.swift; sourceTree = "<group>"; };
		AEFA899A1D15E28000EC22BF /* Base */ = {isa = PBXFileReference; lastKnownFileType = file.storyboard; name = Base; path = Base.lproj/Main.storyboard; sourceTree = "<group>"; };
		AEFA899C1D15E28000EC22BF /* Assets.xcassets */ = {isa = PBXFileReference; lastKnownFileType = folder.assetcatalog; path = Assets.xcassets; sourceTree = "<group>"; };
		AEFA899F1D15E28000EC22BF /* Base */ = {isa = PBXFileReference; lastKnownFileType = file.storyboard; name = Base; path = Base.lproj/LaunchScreen.storyboard; sourceTree = "<group>"; };
		AEFA89A11D15E28000EC22BF /* Info.plist */ = {isa = PBXFileReference; lastKnownFileType = text.plist.xml; path = Info.plist; sourceTree = "<group>"; };
/* End PBXFileReference section */

/* Begin PBXFrameworksBuildPhase section */
		AEFA898F1D15E28000EC22BF /* Frameworks */ = {
			isa = PBXFrameworksBuildPhase;
			buildActionMask = 2147483647;
			files = (
			);
			runOnlyForDeploymentPostprocessing = 0;
		};
/* End PBXFrameworksBuildPhase section */

/* Begin PBXGroup section */
		AEFA89891D15E28000EC22BF = {
			isa = PBXGroup;
			children = (
				AEFA89941D15E28000EC22BF /* 4SimpleBrowser */,
				AEFA89931D15E28000EC22BF /* Products */,
			);
			sourceTree = "<group>";
		};
		AEFA89931D15E28000EC22BF /* Products */ = {
			isa = PBXGroup;
			children = (
				AEFA89921D15E28000EC22BF /* 4SimpleBrowser.app */,
			);
			name = Products;
			sourceTree = "<group>";
		};
		AEFA89941D15E28000EC22BF /* 4SimpleBrowser */ = {
			isa = PBXGroup;
			children = (
				AEFA89951D15E28000EC22BF /* AppDelegate.swift */,
				AEFA89971D15E28000EC22BF /* ViewController.swift */,
				AEFA89991D15E28000EC22BF /* Main.storyboard */,
				AEFA899C1D15E28000EC22BF /* Assets.xcassets */,
				AEFA899E1D15E28000EC22BF /* LaunchScreen.storyboard */,
				AEFA89A11D15E28000EC22BF /* Info.plist */,
			);
			path = 4SimpleBrowser;
			sourceTree = "<group>";
		};
/* End PBXGroup section */

/* Begin PBXNativeTarget section */
		AEFA89911D15E28000EC22BF /* 4SimpleBrowser */ = {
			isa = PBXNativeTarget;
			buildConfigurationList = AEFA89A41D15E28000EC22BF /* Build configuration list for PBXNativeTarget "4SimpleBrowser" */;
			buildPhases = (
				AEFA898E1D15E28000EC22BF /* Sources */,
				AEFA898F1D15E28000EC22BF /* Frameworks */,
				AEFA89901D15E28000EC22BF /* Resources */,
			);
			buildRules = (
			);
			dependencies = (
			);
			name = 4SimpleBrowser;
			productName = 4SimpleBrowser;
			productReference = AEFA89921D15E28000EC22BF /* 4SimpleBrowser.app */;
			productType = "com.apple.product-type.application";
		};
/* End PBXNativeTarget section */

/* Begin PBXProject section */
		AEFA898A1D15E28000EC22BF /* Project object */ = {
			isa = PBXProject;
			attributes = {
				LastSwiftUpdateCheck = 0730;
				LastUpgradeCheck = 0730;
				ORGANIZATIONNAME = Vish;
				TargetAttributes = {
					AEFA89911D15E28000EC22BF = {
						CreatedOnToolsVersion = 7.3.1;
						DevelopmentTeam = MKTJJ5RQQ8;
					};
				};
			};
			buildConfigurationList = AEFA898D1D15E28000EC22BF /* Build configuration list for PBXProject "4SimpleBrowser" */;
			compatibilityVersion = "Xcode 3.2";
			developmentRegion = English;
			hasScannedForEncodings = 0;
			knownRegions = (
				en,
				Base,
			);
			mainGroup = AEFA89891D15E28000EC22BF;
			productRefGroup = AEFA89931D15E28000EC22BF /* Products */;
			projectDirPath = "";
			projectRoot = "";
			targets = (
				AEFA89911D15E28000EC22BF /* 4SimpleBrowser */,
			);
		};
/* End PBXProject section */

/* Begin PBXResourcesBuildPhase section */
		AEFA89901D15E28000EC22BF /* Resources */ = {
			isa = PBXResourcesBuildPhase;
			buildActionMask = 2147483647;
			files = (
				AEFA89A01D15E28000EC22BF /* LaunchScreen.storyboard in Resources */,
				AEFA899D1D15E28000EC22BF /* Assets.xcassets in Resources */,
				AEFA899B1D15E28000EC22BF /* Main.storyboard in Resources */,
			);
			runOnlyForDeploymentPostprocessing = 0;
		};
/* End PBXResourcesBuildPhase section */

/* Begin PBXSourcesBuildPhase section */
		AEFA898E1D15E28000EC22BF /* Sources */ = {
			isa = PBXSourcesBuildPhase;
			buildActionMask = 2147483647;
			files = (
				AEFA89981D15E28000EC22BF /* ViewController.swift in Sources */,
				AEFA89961D15E28000EC22BF /* AppDelegate.swift in Sources */,
			);
			runOnlyForDeploymentPostprocessing = 0;
		};
/* End PBXSourcesBuildPhase section */

/* Begin PBXVariantGroup section */
		AEFA89991D15E28000EC22BF /* Main.storyboard */ = {
			isa = PBXVariantGroup;
			children = (
				AEFA899A1D15E28000EC22BF /* Base */,
			);
			name = Main.storyboard;
			sourceTree = "<group>";
		};
		AEFA899E1D15E28000EC22BF /* LaunchScreen.storyboard */ = {
			isa = PBXVariantGroup;
			children = (
				AEFA899F1D15E28000EC22BF /* Base */,
			);
			name = LaunchScreen.storyboard;
			sourceTree = "<group>";
		};
/* End PBXVariantGroup section */

/* Begin XCBuildConfiguration section */
		AEFA89A21D15E28000EC22BF /* Debug */ = {
			isa = XCBuildConfiguration;
			buildSettings = {
				ALWAYS_SEARCH_USER_PATHS = NO;
				CLANG_ANALYZER_NONNULL = YES;
				CLANG_CXX_LANGUAGE_STANDARD = "gnu++0x";
				CLANG_CXX_LIBRARY = "libc++";
				CLANG_ENABLE_MODULES = YES;
				CLANG_ENABLE_OBJC_ARC = YES;
				CLANG_WARN_BOOL_CONVERSION = YES;
				CLANG_WARN_CONSTANT_CONVERSION = YES;
				CLANG_WARN_DIRECT_OBJC_ISA_USAGE = YES_ERROR;
				CLANG_WARN_EMPTY_BODY = YES;
				CLANG_WARN_ENUM_CONVERSION = YES;
				CLANG_WARN_INT_CONVERSION = YES;
				CLANG_WARN_OBJC_ROOT_CLASS = YES_ERROR;
				CLANG_WARN_UNREACHABLE_CODE = YES;
				CLANG_WARN__DUPLICATE_METHOD_MATCH = YES;
				"CODE_SIGN_IDENTITY[sdk=iphoneos*]" = "iPhone Developer";
				COPY_PHASE_STRIP = NO;
				DEBUG_INFORMATION_FORMAT = dwarf;
				ENABLE_STRICT_OBJC_MSGSEND = YES;
				ENABLE_TESTABILITY = YES;
				GCC_C_LANGUAGE_STANDARD = gnu99;
				GCC_DYNAMIC_NO_PIC = NO;
				GCC_NO_COMMON_BLOCKS = YES;
				GCC_OPTIMIZATION_LEVEL = 0;
				GCC_PREPROCESSOR_DEFINITIONS = (
					"DEBUG=1",
					"$(inherited)",
				);
				GCC_WARN_64_TO_32_BIT_CONVERSION = YES;
				GCC_WARN_ABOUT_RETURN_TYPE = YES_ERROR;
				GCC_WARN_UNDECLARED_SELECTOR = YES;
				GCC_WARN_UNINITIALIZED_AUTOS = YES_AGGRESSIVE;
				GCC_WARN_UNUSED_FUNCTION = YES;
				GCC_WARN_UNUSED_VARIABLE = YES;
				IPHONEOS_DEPLOYMENT_TARGET = 9.3;
				MTL_ENABLE_DEBUG_INFO = YES;
				ONLY_ACTIVE_ARCH = YES;
				SDKROOT = iphoneos;
				SWIFT_OPTIMIZATION_LEVEL = "-Onone";
			};
			name = Debug;
		};
		AEFA89A31D15E28000EC22BF /* Release */ = {
			isa = XCBuildConfiguration;
			buildSettings = {
				ALWAYS_SEARCH_USER_PATHS = NO;
				CLANG_ANALYZER_NONNULL = YES;
				CLANG_CXX_LANGUAGE_STANDARD = "gnu++0x";
				CLANG_CXX_LIBRARY = "libc++";
				CLANG_ENABLE_MODULES = YES;
				CLANG_ENABLE_OBJC_ARC = YES;
				CLANG_WARN_BOOL_CONVERSION = YES;
				CLANG_WARN_CONSTANT_CONVERSION = YES;
				CLANG_WARN_DIRECT_OBJC_ISA_USAGE = YES_ERROR;
				CLANG_WARN_EMPTY_BODY = YES;
				CLANG_WARN_ENUM_CONVERSION = YES;
				CLANG_WARN_INT_CONVERSION = YES;
				CLANG_WARN_OBJC_ROOT_CLASS = YES_ERROR;
				CLANG_WARN_UNREACHABLE_CODE = YES;
				CLANG_WARN__DUPLICATE_METHOD_MATCH = YES;
				"CODE_SIGN_IDENTITY[sdk=iphoneos*]" = "iPhone Developer";
				COPY_PHASE_STRIP = NO;
				DEBUG_INFORMATION_FORMAT = "dwarf-with-dsym";
				ENABLE_NS_ASSERTIONS = NO;
				ENABLE_STRICT_OBJC_MSGSEND = YES;
				GCC_C_LANGUAGE_STANDARD = gnu99;
				GCC_NO_COMMON_BLOCKS = YES;
				GCC_WARN_64_TO_32_BIT_CONVERSION = YES;
				GCC_WARN_ABOUT_RETURN_TYPE = YES_ERROR;
				GCC_WARN_UNDECLARED_SELECTOR = YES;
				GCC_WARN_UNINITIALIZED_AUTOS = YES_AGGRESSIVE;
				GCC_WARN_UNUSED_FUNCTION = YES;
				GCC_WARN_UNUSED_VARIABLE = YES;
				IPHONEOS_DEPLOYMENT_TARGET = 9.3;
				MTL_ENABLE_DEBUG_INFO = NO;
				SDKROOT = iphoneos;
				VALIDATE_PRODUCT = YES;
			};
			name = Release;
		};
		AEFA89A51D15E28000EC22BF /* Debug */ = {
			isa = XCBuildConfiguration;
			buildSettings = {
				ASSETCATALOG_COMPILER_APPICON_NAME = AppIcon;
				INFOPLIST_FILE = 4SimpleBrowser/Info.plist;
				LD_RUNPATH_SEARCH_PATHS = "$(inherited) @executable_path/Frameworks";
				PRODUCT_BUNDLE_IDENTIFIER = "com.vish.-SimpleBrowser";
				PRODUCT_NAME = "$(TARGET_NAME)";
			};
			name = Debug;
		};
		AEFA89A61D15E28000EC22BF /* Release */ = {
			isa = XCBuildConfiguration;
			buildSettings = {
				ASSETCATALOG_COMPILER_APPICON_NAME = AppIcon;
				INFOPLIST_FILE = 4SimpleBrowser/Info.plist;
				LD_RUNPATH_SEARCH_PATHS = "$(inherited) @executable_path/Frameworks";
				PRODUCT_BUNDLE_IDENTIFIER = "com.vish.-SimpleBrowser";
				PRODUCT_NAME = "$(TARGET_NAME)";
			};
			name = Release;
		};
/* End XCBuildConfiguration section */

/* Begin XCConfigurationList section */
		AEFA898D1D15E28000EC22BF /* Build configuration list for PBXProject "4SimpleBrowser" */ = {
			isa = XCConfigurationList;
			buildConfigurations = (
				AEFA89A21D15E28000EC22BF /* Debug */,
				AEFA89A31D15E28000EC22BF /* Release */,
			);
			defaultConfigurationIsVisible = 0;
			defaultConfigurationName = Release;
		};
		AEFA89A41D15E28000EC22BF /* Build configuration list for PBXNativeTarget "4SimpleBrowser" */ = {
			isa = XCConfigurationList;
			buildConfigurations = (
				AEFA89A51D15E28000EC22BF /* Debug */,
				AEFA89A61D15E28000EC22BF /* Release */,
			);
			defaultConfigurationIsVisible = 0;
		};
/* End XCConfigurationList section */
	};
	rootObject = AEFA898A1D15E28000EC22BF /* Project object */;
}
