// !$*UTF8*$!
{
	archiveVersion = 1;
	classes = {
	};
	objectVersion = 46;
	objects = {

/* Begin PBXBuildFile section */
		AEA23B481D0B9C0200210653 /* AppDelegate.swift in Sources */ = {isa = PBXBuildFile; fileRef = AEA23B471D0B9C0200210653 /* AppDelegate.swift */; };
		AEA23B4A1D0B9C0200210653 /* MasterViewController.swift in Sources */ = {isa = PBXBuildFile; fileRef = AEA23B491D0B9C0200210653 /* MasterViewController.swift */; };
		AEA23B4C1D0B9C0200210653 /* DetailViewController.swift in Sources */ = {isa = PBXBuildFile; fileRef = AEA23B4B1D0B9C0200210653 /* DetailViewController.swift */; };
		AEA23B4F1D0B9C0200210653 /* Main.storyboard in Resources */ = {isa = PBXBuildFile; fileRef = AEA23B4D1D0B9C0200210653 /* Main.storyboard */; };
		AEA23B511D0B9C0200210653 /* Assets.xcassets in Resources */ = {isa = PBXBuildFile; fileRef = AEA23B501D0B9C0200210653 /* Assets.xcassets */; };
		AEA23B541D0B9C0200210653 /* LaunchScreen.storyboard in Resources */ = {isa = PBXBuildFile; fileRef = AEA23B521D0B9C0200210653 /* LaunchScreen.storyboard */; };
		AEA23B601D0BC55F00210653 /* SwiftyJSON.swift in Sources */ = {isa = PBXBuildFile; fileRef = AEA23B5F1D0BC55F00210653 /* SwiftyJSON.swift */; };
/* End PBXBuildFile section */

/* Begin PBXFileReference section */
		AEA23B441D0B9C0200210653 /* Whitehouse.app */ = {isa = PBXFileReference; explicitFileType = wrapper.application; includeInIndex = 0; path = Whitehouse.app; sourceTree = BUILT_PRODUCTS_DIR; };
		AEA23B471D0B9C0200210653 /* AppDelegate.swift */ = {isa = PBXFileReference; lastKnownFileType = sourcecode.swift; path = AppDelegate.swift; sourceTree = "<group>"; };
		AEA23B491D0B9C0200210653 /* MasterViewController.swift */ = {isa = PBXFileReference; lastKnownFileType = sourcecode.swift; path = MasterViewController.swift; sourceTree = "<group>"; };
		AEA23B4B1D0B9C0200210653 /* DetailViewController.swift */ = {isa = PBXFileReference; lastKnownFileType = sourcecode.swift; path = DetailViewController.swift; sourceTree = "<group>"; };
		AEA23B4E1D0B9C0200210653 /* Base */ = {isa = PBXFileReference; lastKnownFileType = file.storyboard; name = Base; path = Base.lproj/Main.storyboard; sourceTree = "<group>"; };
		AEA23B501D0B9C0200210653 /* Assets.xcassets */ = {isa = PBXFileReference; lastKnownFileType = folder.assetcatalog; path = Assets.xcassets; sourceTree = "<group>"; };
		AEA23B531D0B9C0200210653 /* Base */ = {isa = PBXFileReference; lastKnownFileType = file.storyboard; name = Base; path = Base.lproj/LaunchScreen.storyboard; sourceTree = "<group>"; };
		AEA23B551D0B9C0200210653 /* Info.plist */ = {isa = PBXFileReference; lastKnownFileType = text.plist.xml; path = Info.plist; sourceTree = "<group>"; };
		AEA23B5F1D0BC55F00210653 /* SwiftyJSON.swift */ = {isa = PBXFileReference; fileEncoding = 4; lastKnownFileType = sourcecode.swift; path = SwiftyJSON.swift; sourceTree = "<group>"; };
/* End PBXFileReference section */

/* Begin PBXFrameworksBuildPhase section */
		AEA23B411D0B9C0200210653 /* Frameworks */ = {
			isa = PBXFrameworksBuildPhase;
			buildActionMask = 2147483647;
			files = (
			);
			runOnlyForDeploymentPostprocessing = 0;
		};
/* End PBXFrameworksBuildPhase section */

/* Begin PBXGroup section */
		AEA23B3B1D0B9C0200210653 = {
			isa = PBXGroup;
			children = (
				AEA23B461D0B9C0200210653 /* Whitehouse */,
				AEA23B451D0B9C0200210653 /* Products */,
			);
			sourceTree = "<group>";
		};
		AEA23B451D0B9C0200210653 /* Products */ = {
			isa = PBXGroup;
			children = (
				AEA23B441D0B9C0200210653 /* Whitehouse.app */,
			);
			name = Products;
			sourceTree = "<group>";
		};
		AEA23B461D0B9C0200210653 /* Whitehouse */ = {
			isa = PBXGroup;
			children = (
				AEA23B471D0B9C0200210653 /* AppDelegate.swift */,
				AEA23B491D0B9C0200210653 /* MasterViewController.swift */,
				AEA23B5F1D0BC55F00210653 /* SwiftyJSON.swift */,
				AEA23B4B1D0B9C0200210653 /* DetailViewController.swift */,
				AEA23B4D1D0B9C0200210653 /* Main.storyboard */,
				AEA23B501D0B9C0200210653 /* Assets.xcassets */,
				AEA23B521D0B9C0200210653 /* LaunchScreen.storyboard */,
				AEA23B551D0B9C0200210653 /* Info.plist */,
			);
			path = Whitehouse;
			sourceTree = "<group>";
		};
/* End PBXGroup section */

/* Begin PBXNativeTarget section */
		AEA23B431D0B9C0200210653 /* Whitehouse */ = {
			isa = PBXNativeTarget;
			buildConfigurationList = AEA23B581D0B9C0200210653 /* Build configuration list for PBXNativeTarget "Whitehouse" */;
			buildPhases = (
				AEA23B401D0B9C0200210653 /* Sources */,
				AEA23B411D0B9C0200210653 /* Frameworks */,
				AEA23B421D0B9C0200210653 /* Resources */,
			);
			buildRules = (
			);
			dependencies = (
			);
			name = Whitehouse;
			productName = Whitehouse;
			productReference = AEA23B441D0B9C0200210653 /* Whitehouse.app */;
			productType = "com.apple.product-type.application";
		};
/* End PBXNativeTarget section */

/* Begin PBXProject section */
		AEA23B3C1D0B9C0200210653 /* Project object */ = {
			isa = PBXProject;
			attributes = {
				LastSwiftUpdateCheck = 0730;
				LastUpgradeCheck = 0730;
				ORGANIZATIONNAME = Vish;
				TargetAttributes = {
					AEA23B431D0B9C0200210653 = {
						CreatedOnToolsVersion = 7.3.1;
						DevelopmentTeam = MKTJJ5RQQ8;
					};
				};
			};
			buildConfigurationList = AEA23B3F1D0B9C0200210653 /* Build configuration list for PBXProject "Whitehouse" */;
			compatibilityVersion = "Xcode 3.2";
			developmentRegion = English;
			hasScannedForEncodings = 0;
			knownRegions = (
				en,
				Base,
			);
			mainGroup = AEA23B3B1D0B9C0200210653;
			productRefGroup = AEA23B451D0B9C0200210653 /* Products */;
			projectDirPath = "";
			projectRoot = "";
			targets = (
				AEA23B431D0B9C0200210653 /* Whitehouse */,
			);
		};
/* End PBXProject section */

/* Begin PBXResourcesBuildPhase section */
		AEA23B421D0B9C0200210653 /* Resources */ = {
			isa = PBXResourcesBuildPhase;
			buildActionMask = 2147483647;
			files = (
				AEA23B541D0B9C0200210653 /* LaunchScreen.storyboard in Resources */,
				AEA23B511D0B9C0200210653 /* Assets.xcassets in Resources */,
				AEA23B4F1D0B9C0200210653 /* Main.storyboard in Resources */,
			);
			runOnlyForDeploymentPostprocessing = 0;
		};
/* End PBXResourcesBuildPhase section */

/* Begin PBXSourcesBuildPhase section */
		AEA23B401D0B9C0200210653 /* Sources */ = {
			isa = PBXSourcesBuildPhase;
			buildActionMask = 2147483647;
			files = (
				AEA23B4C1D0B9C0200210653 /* DetailViewController.swift in Sources */,
				AEA23B4A1D0B9C0200210653 /* MasterViewController.swift in Sources */,
				AEA23B481D0B9C0200210653 /* AppDelegate.swift in Sources */,
				AEA23B601D0BC55F00210653 /* SwiftyJSON.swift in Sources */,
			);
			runOnlyForDeploymentPostprocessing = 0;
		};
/* End PBXSourcesBuildPhase section */

/* Begin PBXVariantGroup section */
		AEA23B4D1D0B9C0200210653 /* Main.storyboard */ = {
			isa = PBXVariantGroup;
			children = (
				AEA23B4E1D0B9C0200210653 /* Base */,
			);
			name = Main.storyboard;
			sourceTree = "<group>";
		};
		AEA23B521D0B9C0200210653 /* LaunchScreen.storyboard */ = {
			isa = PBXVariantGroup;
			children = (
				AEA23B531D0B9C0200210653 /* Base */,
			);
			name = LaunchScreen.storyboard;
			sourceTree = "<group>";
		};
/* End PBXVariantGroup section */

/* Begin XCBuildConfiguration section */
		AEA23B561D0B9C0200210653 /* Debug */ = {
			isa = XCBuildConfiguration;
			buildSettings = {
				ALWAYS_SEARCH_USER_PATHS = NO;
				CLANG_ANALYZER_NONNULL = YES;
				CLANG_CXX_LANGUAGE_STANDARD = "gnu++0x";
				CLANG_CXX_LIBRARY = "libc++";
				CLANG_ENABLE_MODULES = YES;
				CLANG_ENABLE_OBJC_ARC = YES;
				CLANG_WARN_BOOL_CONVERSION = YES;
				CLANG_WARN_CONSTANT_CONVERSION = YES;
				CLANG_WARN_DIRECT_OBJC_ISA_USAGE = YES_ERROR;
				CLANG_WARN_EMPTY_BODY = YES;
				CLANG_WARN_ENUM_CONVERSION = YES;
				CLANG_WARN_INT_CONVERSION = YES;
				CLANG_WARN_OBJC_ROOT_CLASS = YES_ERROR;
				CLANG_WARN_UNREACHABLE_CODE = YES;
				CLANG_WARN__DUPLICATE_METHOD_MATCH = YES;
				"CODE_SIGN_IDENTITY[sdk=iphoneos*]" = "iPhone Developer";
				COPY_PHASE_STRIP = NO;
				DEBUG_INFORMATION_FORMAT = dwarf;
				ENABLE_STRICT_OBJC_MSGSEND = YES;
				ENABLE_TESTABILITY = YES;
				GCC_C_LANGUAGE_STANDARD = gnu99;
				GCC_DYNAMIC_NO_PIC = NO;
				GCC_NO_COMMON_BLOCKS = YES;
				GCC_OPTIMIZATION_LEVEL = 0;
				GCC_PREPROCESSOR_DEFINITIONS = (
					"DEBUG=1",
					"$(inherited)",
				);
				GCC_WARN_64_TO_32_BIT_CONVERSION = YES;
				GCC_WARN_ABOUT_RETURN_TYPE = YES_ERROR;
				GCC_WARN_UNDECLARED_SELECTOR = YES;
				GCC_WARN_UNINITIALIZED_AUTOS = YES_AGGRESSIVE;
				GCC_WARN_UNUSED_FUNCTION = YES;
				GCC_WARN_UNUSED_VARIABLE = YES;
				IPHONEOS_DEPLOYMENT_TARGET = 9.3;
				MTL_ENABLE_DEBUG_INFO = YES;
				ONLY_ACTIVE_ARCH = YES;
				SDKROOT = iphoneos;
				SWIFT_OPTIMIZATION_LEVEL = "-Onone";
			};
			name = Debug;
		};
		AEA23B571D0B9C0200210653 /* Release */ = {
			isa = XCBuildConfiguration;
			buildSettings = {
				ALWAYS_SEARCH_USER_PATHS = NO;
				CLANG_ANALYZER_NONNULL = YES;
				CLANG_CXX_LANGUAGE_STANDARD = "gnu++0x";
				CLANG_CXX_LIBRARY = "libc++";
				CLANG_ENABLE_MODULES = YES;
				CLANG_ENABLE_OBJC_ARC = YES;
				CLANG_WARN_BOOL_CONVERSION = YES;
				CLANG_WARN_CONSTANT_CONVERSION = YES;
				CLANG_WARN_DIRECT_OBJC_ISA_USAGE = YES_ERROR;
				CLANG_WARN_EMPTY_BODY = YES;
				CLANG_WARN_ENUM_CONVERSION = YES;
				CLANG_WARN_INT_CONVERSION = YES;
				CLANG_WARN_OBJC_ROOT_CLASS = YES_ERROR;
				CLANG_WARN_UNREACHABLE_CODE = YES;
				CLANG_WARN__DUPLICATE_METHOD_MATCH = YES;
				"CODE_SIGN_IDENTITY[sdk=iphoneos*]" = "iPhone Developer";
				COPY_PHASE_STRIP = NO;
				DEBUG_INFORMATION_FORMAT = "dwarf-with-dsym";
				ENABLE_NS_ASSERTIONS = NO;
				ENABLE_STRICT_OBJC_MSGSEND = YES;
				GCC_C_LANGUAGE_STANDARD = gnu99;
				GCC_NO_COMMON_BLOCKS = YES;
				GCC_WARN_64_TO_32_BIT_CONVERSION = YES;
				GCC_WARN_ABOUT_RETURN_TYPE = YES_ERROR;
				GCC_WARN_UNDECLARED_SELECTOR = YES;
				GCC_WARN_UNINITIALIZED_AUTOS = YES_AGGRESSIVE;
				GCC_WARN_UNUSED_FUNCTION = YES;
				GCC_WARN_UNUSED_VARIABLE = YES;
				IPHONEOS_DEPLOYMENT_TARGET = 9.3;
				MTL_ENABLE_DEBUG_INFO = NO;
				SDKROOT = iphoneos;
				VALIDATE_PRODUCT = YES;
			};
			name = Release;
		};
		AEA23B591D0B9C0200210653 /* Debug */ = {
			isa = XCBuildConfiguration;
			buildSettings = {
				ASSETCATALOG_COMPILER_APPICON_NAME = AppIcon;
				INFOPLIST_FILE = Whitehouse/Info.plist;
				LD_RUNPATH_SEARCH_PATHS = "$(inherited) @executable_path/Frameworks";
				PRODUCT_BUNDLE_IDENTIFIER = com.vish.Whitehouse;
				PRODUCT_NAME = "$(TARGET_NAME)";
			};
			name = Debug;
		};
		AEA23B5A1D0B9C0200210653 /* Release */ = {
			isa = XCBuildConfiguration;
			buildSettings = {
				ASSETCATALOG_COMPILER_APPICON_NAME = AppIcon;
				INFOPLIST_FILE = Whitehouse/Info.plist;
				LD_RUNPATH_SEARCH_PATHS = "$(inherited) @executable_path/Frameworks";
				PRODUCT_BUNDLE_IDENTIFIER = com.vish.Whitehouse;
				PRODUCT_NAME = "$(TARGET_NAME)";
			};
			name = Release;
		};
/* End XCBuildConfiguration section */

/* Begin XCConfigurationList section */
		AEA23B3F1D0B9C0200210653 /* Build configuration list for PBXProject "Whitehouse" */ = {
			isa = XCConfigurationList;
			buildConfigurations = (
				AEA23B561D0B9C0200210653 /* Debug */,
				AEA23B571D0B9C0200210653 /* Release */,
			);
			defaultConfigurationIsVisible = 0;
			defaultConfigurationName = Release;
		};
		AEA23B581D0B9C0200210653 /* Build configuration list for PBXNativeTarget "Whitehouse" */ = {
			isa = XCConfigurationList;
			buildConfigurations = (
				AEA23B591D0B9C0200210653 /* Debug */,
				AEA23B5A1D0B9C0200210653 /* Release */,
			);
			defaultConfigurationIsVisible = 0;
		};
/* End XCConfigurationList section */
	};
	rootObject = AEA23B3C1D0B9C0200210653 /* Project object */;
}
