// !$*UTF8*$!
{
	archiveVersion = 1;
	classes = {
	};
	objectVersion = 46;
	objects = {

/* Begin PBXBuildFile section */
		AEBBB6DF1D223DA800F37826 /* AppDelegate.swift in Sources */ = {isa = PBXBuildFile; fileRef = AEBBB6DE1D223DA800F37826 /* AppDelegate.swift */; };
		AEBBB6E11D223DA800F37826 /* MasterViewController.swift in Sources */ = {isa = PBXBuildFile; fileRef = AEBBB6E01D223DA800F37826 /* MasterViewController.swift */; };
		AEBBB6E31D223DA800F37826 /* DetailViewController.swift in Sources */ = {isa = PBXBuildFile; fileRef = AEBBB6E21D223DA800F37826 /* DetailViewController.swift */; };
		AEBBB6E61D223DA800F37826 /* Main.storyboard in Resources */ = {isa = PBXBuildFile; fileRef = AEBBB6E41D223DA800F37826 /* Main.storyboard */; };
		AEBBB6E81D223DA800F37826 /* Assets.xcassets in Resources */ = {isa = PBXBuildFile; fileRef = AEBBB6E71D223DA800F37826 /* Assets.xcassets */; };
		AEBBB6EB1D223DA800F37826 /* LaunchScreen.storyboard in Resources */ = {isa = PBXBuildFile; fileRef = AEBBB6E91D223DA800F37826 /* LaunchScreen.storyboard */; };
/* End PBXBuildFile section */

/* Begin PBXFileReference section */
		AEBBB6DB1D223DA800F37826 /* 7WhitehousePetitions.app */ = {isa = PBXFileReference; explicitFileType = wrapper.application; includeInIndex = 0; path = 7WhitehousePetitions.app; sourceTree = BUILT_PRODUCTS_DIR; };
		AEBBB6DE1D223DA800F37826 /* AppDelegate.swift */ = {isa = PBXFileReference; lastKnownFileType = sourcecode.swift; path = AppDelegate.swift; sourceTree = "<group>"; };
		AEBBB6E01D223DA800F37826 /* MasterViewController.swift */ = {isa = PBXFileReference; lastKnownFileType = sourcecode.swift; path = MasterViewController.swift; sourceTree = "<group>"; };
		AEBBB6E21D223DA800F37826 /* DetailViewController.swift */ = {isa = PBXFileReference; lastKnownFileType = sourcecode.swift; path = DetailViewController.swift; sourceTree = "<group>"; };
		AEBBB6E51D223DA800F37826 /* Base */ = {isa = PBXFileReference; lastKnownFileType = file.storyboard; name = Base; path = Base.lproj/Main.storyboard; sourceTree = "<group>"; };
		AEBBB6E71D223DA800F37826 /* Assets.xcassets */ = {isa = PBXFileReference; lastKnownFileType = folder.assetcatalog; path = Assets.xcassets; sourceTree = "<group>"; };
		AEBBB6EA1D223DA800F37826 /* Base */ = {isa = PBXFileReference; lastKnownFileType = file.storyboard; name = Base; path = Base.lproj/LaunchScreen.storyboard; sourceTree = "<group>"; };
		AEBBB6EC1D223DA800F37826 /* Info.plist */ = {isa = PBXFileReference; lastKnownFileType = text.plist.xml; path = Info.plist; sourceTree = "<group>"; };
/* End PBXFileReference section */

/* Begin PBXFrameworksBuildPhase section */
		AEBBB6D81D223DA800F37826 /* Frameworks */ = {
			isa = PBXFrameworksBuildPhase;
			buildActionMask = 2147483647;
			files = (
			);
			runOnlyForDeploymentPostprocessing = 0;
		};
/* End PBXFrameworksBuildPhase section */

/* Begin PBXGroup section */
		AEBBB6D21D223DA800F37826 = {
			isa = PBXGroup;
			children = (
				AEBBB6DD1D223DA800F37826 /* 7WhitehousePetitions */,
				AEBBB6DC1D223DA800F37826 /* Products */,
			);
			sourceTree = "<group>";
		};
		AEBBB6DC1D223DA800F37826 /* Products */ = {
			isa = PBXGroup;
			children = (
				AEBBB6DB1D223DA800F37826 /* 7WhitehousePetitions.app */,
			);
			name = Products;
			sourceTree = "<group>";
		};
		AEBBB6DD1D223DA800F37826 /* 7WhitehousePetitions */ = {
			isa = PBXGroup;
			children = (
				AEBBB6DE1D223DA800F37826 /* AppDelegate.swift */,
				AEBBB6E01D223DA800F37826 /* MasterViewController.swift */,
				AEBBB6E21D223DA800F37826 /* DetailViewController.swift */,
				AEBBB6E41D223DA800F37826 /* Main.storyboard */,
				AEBBB6E71D223DA800F37826 /* Assets.xcassets */,
				AEBBB6E91D223DA800F37826 /* LaunchScreen.storyboard */,
				AEBBB6EC1D223DA800F37826 /* Info.plist */,
			);
			path = 7WhitehousePetitions;
			sourceTree = "<group>";
		};
/* End PBXGroup section */

/* Begin PBXNativeTarget section */
		AEBBB6DA1D223DA800F37826 /* 7WhitehousePetitions */ = {
			isa = PBXNativeTarget;
			buildConfigurationList = AEBBB6EF1D223DA800F37826 /* Build configuration list for PBXNativeTarget "7WhitehousePetitions" */;
			buildPhases = (
				AEBBB6D71D223DA800F37826 /* Sources */,
				AEBBB6D81D223DA800F37826 /* Frameworks */,
				AEBBB6D91D223DA800F37826 /* Resources */,
			);
			buildRules = (
			);
			dependencies = (
			);
			name = 7WhitehousePetitions;
			productName = 7WhitehousePetitions;
			productReference = AEBBB6DB1D223DA800F37826 /* 7WhitehousePetitions.app */;
			productType = "com.apple.product-type.application";
		};
/* End PBXNativeTarget section */

/* Begin PBXProject section */
		AEBBB6D31D223DA800F37826 /* Project object */ = {
			isa = PBXProject;
			attributes = {
				LastSwiftUpdateCheck = 0730;
				LastUpgradeCheck = 0730;
				ORGANIZATIONNAME = Vish;
				TargetAttributes = {
					AEBBB6DA1D223DA800F37826 = {
						CreatedOnToolsVersion = 7.3.1;
						DevelopmentTeam = MKTJJ5RQQ8;
					};
				};
			};
			buildConfigurationList = AEBBB6D61D223DA800F37826 /* Build configuration list for PBXProject "7WhitehousePetitions" */;
			compatibilityVersion = "Xcode 3.2";
			developmentRegion = English;
			hasScannedForEncodings = 0;
			knownRegions = (
				en,
				Base,
			);
			mainGroup = AEBBB6D21D223DA800F37826;
			productRefGroup = AEBBB6DC1D223DA800F37826 /* Products */;
			projectDirPath = "";
			projectRoot = "";
			targets = (
				AEBBB6DA1D223DA800F37826 /* 7WhitehousePetitions */,
			);
		};
/* End PBXProject section */

/* Begin PBXResourcesBuildPhase section */
		AEBBB6D91D223DA800F37826 /* Resources */ = {
			isa = PBXResourcesBuildPhase;
			buildActionMask = 2147483647;
			files = (
				AEBBB6EB1D223DA800F37826 /* LaunchScreen.storyboard in Resources */,
				AEBBB6E81D223DA800F37826 /* Assets.xcassets in Resources */,
				AEBBB6E61D223DA800F37826 /* Main.storyboard in Resources */,
			);
			runOnlyForDeploymentPostprocessing = 0;
		};
/* End PBXResourcesBuildPhase section */

/* Begin PBXSourcesBuildPhase section */
		AEBBB6D71D223DA800F37826 /* Sources */ = {
			isa = PBXSourcesBuildPhase;
			buildActionMask = 2147483647;
			files = (
				AEBBB6E31D223DA800F37826 /* DetailViewController.swift in Sources */,
				AEBBB6E11D223DA800F37826 /* MasterViewController.swift in Sources */,
				AEBBB6DF1D223DA800F37826 /* AppDelegate.swift in Sources */,
			);
			runOnlyForDeploymentPostprocessing = 0;
		};
/* End PBXSourcesBuildPhase section */

/* Begin PBXVariantGroup section */
		AEBBB6E41D223DA800F37826 /* Main.storyboard */ = {
			isa = PBXVariantGroup;
			children = (
				AEBBB6E51D223DA800F37826 /* Base */,
			);
			name = Main.storyboard;
			sourceTree = "<group>";
		};
		AEBBB6E91D223DA800F37826 /* LaunchScreen.storyboard */ = {
			isa = PBXVariantGroup;
			children = (
				AEBBB6EA1D223DA800F37826 /* Base */,
			);
			name = LaunchScreen.storyboard;
			sourceTree = "<group>";
		};
/* End PBXVariantGroup section */

/* Begin XCBuildConfiguration section */
		AEBBB6ED1D223DA800F37826 /* Debug */ = {
			isa = XCBuildConfiguration;
			buildSettings = {
				ALWAYS_SEARCH_USER_PATHS = NO;
				CLANG_ANALYZER_NONNULL = YES;
				CLANG_CXX_LANGUAGE_STANDARD = "gnu++0x";
				CLANG_CXX_LIBRARY = "libc++";
				CLANG_ENABLE_MODULES = YES;
				CLANG_ENABLE_OBJC_ARC = YES;
				CLANG_WARN_BOOL_CONVERSION = YES;
				CLANG_WARN_CONSTANT_CONVERSION = YES;
				CLANG_WARN_DIRECT_OBJC_ISA_USAGE = YES_ERROR;
				CLANG_WARN_EMPTY_BODY = YES;
				CLANG_WARN_ENUM_CONVERSION = YES;
				CLANG_WARN_INT_CONVERSION = YES;
				CLANG_WARN_OBJC_ROOT_CLASS = YES_ERROR;
				CLANG_WARN_UNREACHABLE_CODE = YES;
				CLANG_WARN__DUPLICATE_METHOD_MATCH = YES;
				"CODE_SIGN_IDENTITY[sdk=iphoneos*]" = "iPhone Developer";
				COPY_PHASE_STRIP = NO;
				DEBUG_INFORMATION_FORMAT = dwarf;
				ENABLE_STRICT_OBJC_MSGSEND = YES;
				ENABLE_TESTABILITY = YES;
				GCC_C_LANGUAGE_STANDARD = gnu99;
				GCC_DYNAMIC_NO_PIC = NO;
				GCC_NO_COMMON_BLOCKS = YES;
				GCC_OPTIMIZATION_LEVEL = 0;
				GCC_PREPROCESSOR_DEFINITIONS = (
					"DEBUG=1",
					"$(inherited)",
				);
				GCC_WARN_64_TO_32_BIT_CONVERSION = YES;
				GCC_WARN_ABOUT_RETURN_TYPE = YES_ERROR;
				GCC_WARN_UNDECLARED_SELECTOR = YES;
				GCC_WARN_UNINITIALIZED_AUTOS = YES_AGGRESSIVE;
				GCC_WARN_UNUSED_FUNCTION = YES;
				GCC_WARN_UNUSED_VARIABLE = YES;
				IPHONEOS_DEPLOYMENT_TARGET = 9.3;
				MTL_ENABLE_DEBUG_INFO = YES;
				ONLY_ACTIVE_ARCH = YES;
				SDKROOT = iphoneos;
				SWIFT_OPTIMIZATION_LEVEL = "-Onone";
			};
			name = Debug;
		};
		AEBBB6EE1D223DA800F37826 /* Release */ = {
			isa = XCBuildConfiguration;
			buildSettings = {
				ALWAYS_SEARCH_USER_PATHS = NO;
				CLANG_ANALYZER_NONNULL = YES;
				CLANG_CXX_LANGUAGE_STANDARD = "gnu++0x";
				CLANG_CXX_LIBRARY = "libc++";
				CLANG_ENABLE_MODULES = YES;
				CLANG_ENABLE_OBJC_ARC = YES;
				CLANG_WARN_BOOL_CONVERSION = YES;
				CLANG_WARN_CONSTANT_CONVERSION = YES;
				CLANG_WARN_DIRECT_OBJC_ISA_USAGE = YES_ERROR;
				CLANG_WARN_EMPTY_BODY = YES;
				CLANG_WARN_ENUM_CONVERSION = YES;
				CLANG_WARN_INT_CONVERSION = YES;
				CLANG_WARN_OBJC_ROOT_CLASS = YES_ERROR;
				CLANG_WARN_UNREACHABLE_CODE = YES;
				CLANG_WARN__DUPLICATE_METHOD_MATCH = YES;
				"CODE_SIGN_IDENTITY[sdk=iphoneos*]" = "iPhone Developer";
				COPY_PHASE_STRIP = NO;
				DEBUG_INFORMATION_FORMAT = "dwarf-with-dsym";
				ENABLE_NS_ASSERTIONS = NO;
				ENABLE_STRICT_OBJC_MSGSEND = YES;
				GCC_C_LANGUAGE_STANDARD = gnu99;
				GCC_NO_COMMON_BLOCKS = YES;
				GCC_WARN_64_TO_32_BIT_CONVERSION = YES;
				GCC_WARN_ABOUT_RETURN_TYPE = YES_ERROR;
				GCC_WARN_UNDECLARED_SELECTOR = YES;
				GCC_WARN_UNINITIALIZED_AUTOS = YES_AGGRESSIVE;
				GCC_WARN_UNUSED_FUNCTION = YES;
				GCC_WARN_UNUSED_VARIABLE = YES;
				IPHONEOS_DEPLOYMENT_TARGET = 9.3;
				MTL_ENABLE_DEBUG_INFO = NO;
				SDKROOT = iphoneos;
				VALIDATE_PRODUCT = YES;
			};
			name = Release;
		};
		AEBBB6F01D223DA800F37826 /* Debug */ = {
			isa = XCBuildConfiguration;
			buildSettings = {
				ASSETCATALOG_COMPILER_APPICON_NAME = AppIcon;
				INFOPLIST_FILE = 7WhitehousePetitions/Info.plist;
				LD_RUNPATH_SEARCH_PATHS = "$(inherited) @executable_path/Frameworks";
				PRODUCT_BUNDLE_IDENTIFIER = "com.vish.-WhitehousePetitions";
				PRODUCT_NAME = "$(TARGET_NAME)";
			};
			name = Debug;
		};
		AEBBB6F11D223DA800F37826 /* Release */ = {
			isa = XCBuildConfiguration;
			buildSettings = {
				ASSETCATALOG_COMPILER_APPICON_NAME = AppIcon;
				INFOPLIST_FILE = 7WhitehousePetitions/Info.plist;
				LD_RUNPATH_SEARCH_PATHS = "$(inherited) @executable_path/Frameworks";
				PRODUCT_BUNDLE_IDENTIFIER = "com.vish.-WhitehousePetitions";
				PRODUCT_NAME = "$(TARGET_NAME)";
			};
			name = Release;
		};
/* End XCBuildConfiguration section */

/* Begin XCConfigurationList section */
		AEBBB6D61D223DA800F37826 /* Build configuration list for PBXProject "7WhitehousePetitions" */ = {
			isa = XCConfigurationList;
			buildConfigurations = (
				AEBBB6ED1D223DA800F37826 /* Debug */,
				AEBBB6EE1D223DA800F37826 /* Release */,
			);
			defaultConfigurationIsVisible = 0;
			defaultConfigurationName = Release;
		};
		AEBBB6EF1D223DA800F37826 /* Build configuration list for PBXNativeTarget "7WhitehousePetitions" */ = {
			isa = XCConfigurationList;
			buildConfigurations = (
				AEBBB6F01D223DA800F37826 /* Debug */,
				AEBBB6F11D223DA800F37826 /* Release */,
			);
			defaultConfigurationIsVisible = 0;
		};
/* End XCConfigurationList section */
	};
	rootObject = AEBBB6D31D223DA800F37826 /* Project object */;
}
